{
  "name": "nidasapi",
  "version": "v2.21.1-betha-1",
  "lockfileVersion": 1,
  "requires": true,
  "dependencies": {
    "@types/node": {
      "version": "14.14.20",
      "resolved": "https://registry.npmjs.org/@types/node/-/node-14.14.20.tgz",
      "integrity": "sha512-Y93R97Ouif9JEOWPIUyU+eyIdyRqQR0I8Ez1dzku4hDx34NWh4HbtIc3WNzwB1Y9ULvNGeu5B8h8bVL5cAk4/A==",
      "dev": true
    },
    "@types/nodemailer": {
      "version": "6.4.1",
      "resolved": "https://registry.npmjs.org/@types/nodemailer/-/nodemailer-6.4.1.tgz",
      "integrity": "sha512-8081UY/0XTTDpuGqCnDc8IY+Q3DSg604wB3dBH0CaZlj4nZWHWuxtZ3NRZ9c9WUrz1Vfm6wioAUnqL3bsh49uQ==",
      "dev": true,
      "requires": {
        "@types/node": "*"
      }
    }
  }
}
